
Microsoft Visual Studio Solution File, Format Version 12.00
# Visual Studio Version 17
VisualStudioVersion = 17.5.002.0
MinimumVisualStudioVersion = 10.0.40219.1
Project("{9A19103F-16F7-4668-BE54-9A1E7A4F7556}") = "AdminRazorPageV2", "AdminRazorPageV2.csproj", "{01832EB5-EF49-4493-B3B4-0C1C4C441DC2}"
EndProject
Global
	GlobalSection(SolutionConfigurationPlatforms) = preSolution
		Debug|Any CPU = Debug|Any CPU
		Release|Any CPU = Release|Any CPU
	EndGlobalSection
	GlobalSection(ProjectConfigurationPlatforms) = postSolution
		{01832EB5-EF49-4493-B3B4-0C1C4C441DC2}.Debug|Any CPU.ActiveCfg = Debug|Any CPU
		{01832EB5-EF49-4493-B3B4-0C1C4C441DC2}.Debug|Any CPU.Build.0 = Debug|Any CPU
		{01832EB5-EF49-4493-B3B4-0C1C4C441DC2}.Release|Any CPU.ActiveCfg = Release|Any CPU
		{01832EB5-EF49-4493-B3B4-0C1C4C441DC2}.Release|Any CPU.Build.0 = Release|Any CPU
	EndGlobalSection
	GlobalSection(SolutionProperties) = preSolution
		HideSolutionNode = FALSE
	EndGlobalSection
	GlobalSection(ExtensibilityGlobals) = postSolution
		SolutionGuid = {BE600A3E-BFAD-445A-ACEC-19A45F6178B5}
	EndGlobalSection
EndGlobal
